
Microsoft Visual Studio Solution File, Format Version 12.00
Project("{FAE04EC0-301F-11D3-BF4B-00C04F79EFBC}") = "LineAdjustment", "LineAdjustment\LineAdjustment.csproj", "{606FEAF4-86BA-4B09-83ED-8844C83609BA}"
EndProject
Project("{FAE04EC0-301F-11D3-BF4B-00C04F79EFBC}") = "LineAdjustment.Tests", "LineAdjustment.Tests\LineAdjustment.Tests.csproj", "{5F3A22D8-FE1D-41DC-903B-BE2CD37098DB}"
EndProject
Global
	GlobalSection(SolutionConfigurationPlatforms) = preSolution
		Debug|Any CPU = Debug|Any CPU
		Release|Any CPU = Release|Any CPU
	EndGlobalSection
	GlobalSection(ProjectConfigurationPlatforms) = postSolution
		{606FEAF4-86BA-4B09-83ED-8844C83609BA}.Debug|Any CPU.ActiveCfg = Debug|Any CPU
		{606FEAF4-86BA-4B09-83ED-8844C83609BA}.Debug|Any CPU.Build.0 = Debug|Any CPU
		{606FEAF4-86BA-4B09-83ED-8844C83609BA}.Release|Any CPU.ActiveCfg = Release|Any CPU
		{606FEAF4-86BA-4B09-83ED-8844C83609BA}.Release|Any CPU.Build.0 = Release|Any CPU
		{5F3A22D8-FE1D-41DC-903B-BE2CD37098DB}.Debug|Any CPU.ActiveCfg = Debug|Any CPU
		{5F3A22D8-FE1D-41DC-903B-BE2CD37098DB}.Debug|Any CPU.Build.0 = Debug|Any CPU
		{5F3A22D8-FE1D-41DC-903B-BE2CD37098DB}.Release|Any CPU.ActiveCfg = Release|Any CPU
		{5F3A22D8-FE1D-41DC-903B-BE2CD37098DB}.Release|Any CPU.Build.0 = Release|Any CPU
	EndGlobalSection
EndGlobal
